
Microsoft Visual Studio Solution File, Format Version 12.00
# Visual Studio Version 16
VisualStudioVersion = 16.0.30709.64
MinimumVisualStudioVersion = 10.0.40219.1
Project("{9A19103F-16F7-4668-BE54-9A1E7A4F7556}") = "prueba01_cs", "prueba01_cs\prueba01_cs.csproj", "{227CFF64-D372-4033-9174-8F66285BAAB1}"
EndProject
Project("{778DAE3C-4631-46EA-AA77-85C1314464D9}") = "prueba01_vb", "prueba01_vb\prueba01_vb.vbproj", "{9DF62F35-C1EE-4EA1-AFD8-9F4F466B1085}"
EndProject
Global
	GlobalSection(SolutionConfigurationPlatforms) = preSolution
		Debug|Any CPU = Debug|Any CPU
		Release|Any CPU = Release|Any CPU
	EndGlobalSection
	GlobalSection(ProjectConfigurationPlatforms) = postSolution
		{227CFF64-D372-4033-9174-8F66285BAAB1}.Debug|Any CPU.ActiveCfg = Debug|Any CPU
		{227CFF64-D372-4033-9174-8F66285BAAB1}.Debug|Any CPU.Build.0 = Debug|Any CPU
		{227CFF64-D372-4033-9174-8F66285BAAB1}.Release|Any CPU.ActiveCfg = Release|Any CPU
		{227CFF64-D372-4033-9174-8F66285BAAB1}.Release|Any CPU.Build.0 = Release|Any CPU
		{9DF62F35-C1EE-4EA1-AFD8-9F4F466B1085}.Debug|Any CPU.ActiveCfg = Debug|Any CPU
		{9DF62F35-C1EE-4EA1-AFD8-9F4F466B1085}.Debug|Any CPU.Build.0 = Debug|Any CPU
		{9DF62F35-C1EE-4EA1-AFD8-9F4F466B1085}.Release|Any CPU.ActiveCfg = Release|Any CPU
		{9DF62F35-C1EE-4EA1-AFD8-9F4F466B1085}.Release|Any CPU.Build.0 = Release|Any CPU
	EndGlobalSection
	GlobalSection(SolutionProperties) = preSolution
		HideSolutionNode = FALSE
	EndGlobalSection
	GlobalSection(ExtensibilityGlobals) = postSolution
		SolutionGuid = {3887C1CC-952F-4046-B385-AF6341371E32}
	EndGlobalSection
EndGlobal
